
Microsoft Visual Studio Solution File, Format Version 12.00
# Visual Studio 15
VisualStudioVersion = 15.0.28307.572
MinimumVisualStudioVersion = 10.0.40219.1
Project("{FAE04EC0-301F-11D3-BF4B-00C04F79EFBC}") = "ContactApp", "ContactApp\ContactApp.csproj", "{C706E7ED-D30B-4837-9A89-CF1C1C49964F}"
EndProject
Project("{FAE04EC0-301F-11D3-BF4B-00C04F79EFBC}") = "ContactDB", "ContactDB\ContactDB.csproj", "{CA349827-9ED3-4F59-92C0-5DA2A3D32D4C}"
EndProject
Project("{FAE04EC0-301F-11D3-BF4B-00C04F79EFBC}") = "ContactRepository", "ContactRepository\ContactRepository.csproj", "{64741D72-426C-4B8D-9437-BF255F3977FC}"
EndProject
Global
	GlobalSection(SolutionConfigurationPlatforms) = preSolution
		Debug|Any CPU = Debug|Any CPU
		Release|Any CPU = Release|Any CPU
	EndGlobalSection
	GlobalSection(ProjectConfigurationPlatforms) = postSolution
		{C706E7ED-D30B-4837-9A89-CF1C1C49964F}.Debug|Any CPU.ActiveCfg = Debug|Any CPU
		{C706E7ED-D30B-4837-9A89-CF1C1C49964F}.Debug|Any CPU.Build.0 = Debug|Any CPU
		{C706E7ED-D30B-4837-9A89-CF1C1C49964F}.Release|Any CPU.ActiveCfg = Release|Any CPU
		{C706E7ED-D30B-4837-9A89-CF1C1C49964F}.Release|Any CPU.Build.0 = Release|Any CPU
		{CA349827-9ED3-4F59-92C0-5DA2A3D32D4C}.Debug|Any CPU.ActiveCfg = Debug|Any CPU
		{CA349827-9ED3-4F59-92C0-5DA2A3D32D4C}.Debug|Any CPU.Build.0 = Debug|Any CPU
		{CA349827-9ED3-4F59-92C0-5DA2A3D32D4C}.Release|Any CPU.ActiveCfg = Release|Any CPU
		{CA349827-9ED3-4F59-92C0-5DA2A3D32D4C}.Release|Any CPU.Build.0 = Release|Any CPU
		{64741D72-426C-4B8D-9437-BF255F3977FC}.Debug|Any CPU.ActiveCfg = Debug|Any CPU
		{64741D72-426C-4B8D-9437-BF255F3977FC}.Debug|Any CPU.Build.0 = Debug|Any CPU
		{64741D72-426C-4B8D-9437-BF255F3977FC}.Release|Any CPU.ActiveCfg = Release|Any CPU
		{64741D72-426C-4B8D-9437-BF255F3977FC}.Release|Any CPU.Build.0 = Release|Any CPU
	EndGlobalSection
	GlobalSection(SolutionProperties) = preSolution
		HideSolutionNode = FALSE
	EndGlobalSection
	GlobalSection(ExtensibilityGlobals) = postSolution
		SolutionGuid = {C457AB01-5054-4C4F-AFC4-4A40C0374289}
	EndGlobalSection
EndGlobal
