
Microsoft Visual Studio Solution File, Format Version 12.00
# Visual Studio 15
VisualStudioVersion = 15.0.28307.438
MinimumVisualStudioVersion = 10.0.40219.1
Project("{FAE04EC0-301F-11D3-BF4B-00C04F79EFBC}") = "ContactApp", "ContactApp\ContactApp.csproj", "{70BF4DA7-DB7C-4860-A5A2-49BDC9104F27}"
EndProject
Project("{FAE04EC0-301F-11D3-BF4B-00C04F79EFBC}") = "ContactDB", "ContactDB\ContactDB.csproj", "{DCF4FE72-EA87-46AA-9F5F-7D661D89E51E}"
EndProject
Project("{FAE04EC0-301F-11D3-BF4B-00C04F79EFBC}") = "ContactRepository", "ContactRepository\ContactRepository.csproj", "{6CF0557D-6CED-45E6-9508-2FD7E5ED2984}"
EndProject
Global
	GlobalSection(SolutionConfigurationPlatforms) = preSolution
		Debug|Any CPU = Debug|Any CPU
		Release|Any CPU = Release|Any CPU
	EndGlobalSection
	GlobalSection(ProjectConfigurationPlatforms) = postSolution
		{70BF4DA7-DB7C-4860-A5A2-49BDC9104F27}.Debug|Any CPU.ActiveCfg = Debug|Any CPU
		{70BF4DA7-DB7C-4860-A5A2-49BDC9104F27}.Debug|Any CPU.Build.0 = Debug|Any CPU
		{70BF4DA7-DB7C-4860-A5A2-49BDC9104F27}.Release|Any CPU.ActiveCfg = Release|Any CPU
		{70BF4DA7-DB7C-4860-A5A2-49BDC9104F27}.Release|Any CPU.Build.0 = Release|Any CPU
		{DCF4FE72-EA87-46AA-9F5F-7D661D89E51E}.Debug|Any CPU.ActiveCfg = Debug|Any CPU
		{DCF4FE72-EA87-46AA-9F5F-7D661D89E51E}.Debug|Any CPU.Build.0 = Debug|Any CPU
		{DCF4FE72-EA87-46AA-9F5F-7D661D89E51E}.Release|Any CPU.ActiveCfg = Release|Any CPU
		{DCF4FE72-EA87-46AA-9F5F-7D661D89E51E}.Release|Any CPU.Build.0 = Release|Any CPU
		{6CF0557D-6CED-45E6-9508-2FD7E5ED2984}.Debug|Any CPU.ActiveCfg = Debug|Any CPU
		{6CF0557D-6CED-45E6-9508-2FD7E5ED2984}.Debug|Any CPU.Build.0 = Debug|Any CPU
		{6CF0557D-6CED-45E6-9508-2FD7E5ED2984}.Release|Any CPU.ActiveCfg = Release|Any CPU
		{6CF0557D-6CED-45E6-9508-2FD7E5ED2984}.Release|Any CPU.Build.0 = Release|Any CPU
	EndGlobalSection
	GlobalSection(SolutionProperties) = preSolution
		HideSolutionNode = FALSE
	EndGlobalSection
	GlobalSection(ExtensibilityGlobals) = postSolution
		SolutionGuid = {217FC7BC-7E65-46F3-93EE-613696E17658}
	EndGlobalSection
EndGlobal
